
Microsoft Visual Studio Solution File, Format Version 12.00
# Visual Studio Version 16
VisualStudioVersion = 16.0.31729.503
MinimumVisualStudioVersion = 10.0.40219.1
Project("{FAE04EC0-301F-11D3-BF4B-00C04F79EFBC}") = "acercamientoALaEva4", "acercamientoALaEva4\acercamientoALaEva4.csproj", "{A07862F2-CD91-49A2-B60D-4101F9B030DC}"
EndProject
Global
	GlobalSection(SolutionConfigurationPlatforms) = preSolution
		Debug|Any CPU = Debug|Any CPU
		Release|Any CPU = Release|Any CPU
	EndGlobalSection
	GlobalSection(ProjectConfigurationPlatforms) = postSolution
		{A07862F2-CD91-49A2-B60D-4101F9B030DC}.Debug|Any CPU.ActiveCfg = Debug|Any CPU
		{A07862F2-CD91-49A2-B60D-4101F9B030DC}.Debug|Any CPU.Build.0 = Debug|Any CPU
		{A07862F2-CD91-49A2-B60D-4101F9B030DC}.Release|Any CPU.ActiveCfg = Release|Any CPU
		{A07862F2-CD91-49A2-B60D-4101F9B030DC}.Release|Any CPU.Build.0 = Release|Any CPU
	EndGlobalSection
	GlobalSection(SolutionProperties) = preSolution
		HideSolutionNode = FALSE
	EndGlobalSection
	GlobalSection(ExtensibilityGlobals) = postSolution
		SolutionGuid = {F8F92115-1722-40A8-A833-5A932CE0FD30}
	EndGlobalSection
EndGlobal
